{
  "version": "4",
  "specifiers": {
    "jsr:@deno/cache-dir@0.13.2": "0.13.2",
    "jsr:@deno/emit@0.46.0": "0.46.0",
    "jsr:@deno/graph@~0.73.1": "0.73.1",
    "jsr:@std/assert@0.223": "0.223.0",
    "jsr:@std/bytes@0.223": "0.223.0",
    "jsr:@std/fmt@0.223": "0.223.0",
    "jsr:@std/fs@0.223": "0.223.0",
    "jsr:@std/io@0.223": "0.223.0",
    "jsr:@std/path@0.223": "0.223.0",
    "jsr:@trx/deno-bundle@0.1": "0.1.0",
    "npm:@deno/vite-plugin@^1.0.3": "1.0.3_vite@6.0.11",
    "npm:@hono/trpc-server@*": "0.3.4_@trpc+server@10.45.2_hono@4.6.20",
    "npm:@hono/trpc-server@~0.3.4": "0.3.4_@trpc+server@10.45.2_hono@4.6.20",
    "npm:@trpc/server@^10.45.2": "10.45.2",
    "npm:@vitejs/plugin-react-swc@^3.7.2": "3.7.2_vite@6.0.11",
    "npm:hono@*": "4.6.20",
    "npm:hono@^4.6.20": "4.6.20",
    "npm:react-dom@19": "19.0.0_react@19.0.0",
    "npm:react@19": "19.0.0",
    "npm:vite@6.0.11": "6.0.11",
    "npm:vite@^6.0.11": "6.0.11",
    "npm:zod@^3.24.1": "3.24.1"
  },
  "jsr": {
    "@deno/cache-dir@0.13.2": {
      "integrity": "c22419dfe27ab85f345bee487aaaadba498b005cce3644e9d2528db035c5454d",
      "dependencies": [
        "jsr:@deno/graph",
        "jsr:@std/fmt",
        "jsr:@std/fs",
        "jsr:@std/io",
        "jsr:@std/path"
      ]
    },
    "@deno/emit@0.46.0": {
      "integrity": "e276be2c77bac1b93caf775762e2a49a54cb00da2d48ca2b01ed8d7cba9d082c",
      "dependencies": [
        "jsr:@deno/cache-dir",
        "jsr:@std/path"
      ]
    },
    "@deno/graph@0.73.1": {
      "integrity": "cd69639d2709d479037d5ce191a422eabe8d71bb68b0098344f6b07411c84d41"
    },
    "@std/assert@0.223.0": {
      "integrity": "eb8d6d879d76e1cc431205bd346ed4d88dc051c6366365b1af47034b0670be24"
    },
    "@std/bytes@0.223.0": {
      "integrity": "84b75052cd8680942c397c2631318772b295019098f40aac5c36cead4cba51a8"
    },
    "@std/fmt@0.223.0": {
      "integrity": "6deb37794127dfc7d7bded2586b9fc6f5d50e62a8134846608baf71ffc1a5208"
    },
    "@std/fs@0.223.0": {
      "integrity": "3b4b0550b2c524cbaaa5a9170c90e96cbb7354e837ad1bdaf15fc9df1ae9c31c"
    },
    "@std/io@0.223.0": {
      "integrity": "2d8c3c2ab3a515619b90da2c6ff5ea7b75a94383259ef4d02116b228393f84f1",
      "dependencies": [
        "jsr:@std/assert",
        "jsr:@std/bytes"
      ]
    },
    "@std/path@0.223.0": {
      "integrity": "593963402d7e6597f5a6e620931661053572c982fc014000459edc1f93cc3989",
      "dependencies": [
        "jsr:@std/assert"
      ]
    },
    "@trx/deno-bundle@0.1.0": {
      "integrity": "136d733b1394d416c3785dc2c892154961536905b185c700b63937af58abd72f",
      "dependencies": [
        "jsr:@deno/emit"
      ]
    }
  },
  "npm": {
    "@deno/vite-plugin@1.0.3_vite@6.0.11": {
      "integrity": "sha512-As059Zjde6oaUw7+WXhu2WpnjnBzjUCs5+j21S1ilQRIorN+sCrArXpdSDsCXXnHQbCU1SHjVrjcca49YOuwIg==",
      "dependencies": [
        "vite"
      ]
    },
    "@esbuild/aix-ppc64@0.24.2": {
      "integrity": "sha512-thpVCb/rhxE/BnMLQ7GReQLLN8q9qbHmI55F4489/ByVg2aQaQ6kbcLb6FHkocZzQhxc4gx0sCk0tJkKBFzDhA=="
    },
    "@esbuild/android-arm64@0.24.2": {
      "integrity": "sha512-cNLgeqCqV8WxfcTIOeL4OAtSmL8JjcN6m09XIgro1Wi7cF4t/THaWEa7eL5CMoMBdjoHOTh/vwTO/o2TRXIyzg=="
    },
    "@esbuild/android-arm@0.24.2": {
      "integrity": "sha512-tmwl4hJkCfNHwFB3nBa8z1Uy3ypZpxqxfTQOcHX+xRByyYgunVbZ9MzUUfb0RxaHIMnbHagwAxuTL+tnNM+1/Q=="
    },
    "@esbuild/android-x64@0.24.2": {
      "integrity": "sha512-B6Q0YQDqMx9D7rvIcsXfmJfvUYLoP722bgfBlO5cGvNVb5V/+Y7nhBE3mHV9OpxBf4eAS2S68KZztiPaWq4XYw=="
    },
    "@esbuild/darwin-arm64@0.24.2": {
      "integrity": "sha512-kj3AnYWc+CekmZnS5IPu9D+HWtUI49hbnyqk0FLEJDbzCIQt7hg7ucF1SQAilhtYpIujfaHr6O0UHlzzSPdOeA=="
    },
    "@esbuild/darwin-x64@0.24.2": {
      "integrity": "sha512-WeSrmwwHaPkNR5H3yYfowhZcbriGqooyu3zI/3GGpF8AyUdsrrP0X6KumITGA9WOyiJavnGZUwPGvxvwfWPHIA=="
    },
    "@esbuild/freebsd-arm64@0.24.2": {
      "integrity": "sha512-UN8HXjtJ0k/Mj6a9+5u6+2eZ2ERD7Edt1Q9IZiB5UZAIdPnVKDoG7mdTVGhHJIeEml60JteamR3qhsr1r8gXvg=="
    },
    "@esbuild/freebsd-x64@0.24.2": {
      "integrity": "sha512-TvW7wE/89PYW+IevEJXZ5sF6gJRDY/14hyIGFXdIucxCsbRmLUcjseQu1SyTko+2idmCw94TgyaEZi9HUSOe3Q=="
    },
    "@esbuild/linux-arm64@0.24.2": {
      "integrity": "sha512-7HnAD6074BW43YvvUmE/35Id9/NB7BeX5EoNkK9obndmZBUk8xmJJeU7DwmUeN7tkysslb2eSl6CTrYz6oEMQg=="
    },
    "@esbuild/linux-arm@0.24.2": {
      "integrity": "sha512-n0WRM/gWIdU29J57hJyUdIsk0WarGd6To0s+Y+LwvlC55wt+GT/OgkwoXCXvIue1i1sSNWblHEig00GBWiJgfA=="
    },
    "@esbuild/linux-ia32@0.24.2": {
      "integrity": "sha512-sfv0tGPQhcZOgTKO3oBE9xpHuUqguHvSo4jl+wjnKwFpapx+vUDcawbwPNuBIAYdRAvIDBfZVvXprIj3HA+Ugw=="
    },
    "@esbuild/linux-loong64@0.24.2": {
      "integrity": "sha512-CN9AZr8kEndGooS35ntToZLTQLHEjtVB5n7dl8ZcTZMonJ7CCfStrYhrzF97eAecqVbVJ7APOEe18RPI4KLhwQ=="
    },
    "@esbuild/linux-mips64el@0.24.2": {
      "integrity": "sha512-iMkk7qr/wl3exJATwkISxI7kTcmHKE+BlymIAbHO8xanq/TjHaaVThFF6ipWzPHryoFsesNQJPE/3wFJw4+huw=="
    },
    "@esbuild/linux-ppc64@0.24.2": {
      "integrity": "sha512-shsVrgCZ57Vr2L8mm39kO5PPIb+843FStGt7sGGoqiiWYconSxwTiuswC1VJZLCjNiMLAMh34jg4VSEQb+iEbw=="
    },
    "@esbuild/linux-riscv64@0.24.2": {
      "integrity": "sha512-4eSFWnU9Hhd68fW16GD0TINewo1L6dRrB+oLNNbYyMUAeOD2yCK5KXGK1GH4qD/kT+bTEXjsyTCiJGHPZ3eM9Q=="
    },
    "@esbuild/linux-s390x@0.24.2": {
      "integrity": "sha512-S0Bh0A53b0YHL2XEXC20bHLuGMOhFDO6GN4b3YjRLK//Ep3ql3erpNcPlEFed93hsQAjAQDNsvcK+hV90FubSw=="
    },
    "@esbuild/linux-x64@0.24.2": {
      "integrity": "sha512-8Qi4nQcCTbLnK9WoMjdC9NiTG6/E38RNICU6sUNqK0QFxCYgoARqVqxdFmWkdonVsvGqWhmm7MO0jyTqLqwj0Q=="
    },
    "@esbuild/netbsd-arm64@0.24.2": {
      "integrity": "sha512-wuLK/VztRRpMt9zyHSazyCVdCXlpHkKm34WUyinD2lzK07FAHTq0KQvZZlXikNWkDGoT6x3TD51jKQ7gMVpopw=="
    },
    "@esbuild/netbsd-x64@0.24.2": {
      "integrity": "sha512-VefFaQUc4FMmJuAxmIHgUmfNiLXY438XrL4GDNV1Y1H/RW3qow68xTwjZKfj/+Plp9NANmzbH5R40Meudu8mmw=="
    },
    "@esbuild/openbsd-arm64@0.24.2": {
      "integrity": "sha512-YQbi46SBct6iKnszhSvdluqDmxCJA+Pu280Av9WICNwQmMxV7nLRHZfjQzwbPs3jeWnuAhE9Jy0NrnJ12Oz+0A=="
    },
    "@esbuild/openbsd-x64@0.24.2": {
      "integrity": "sha512-+iDS6zpNM6EnJyWv0bMGLWSWeXGN/HTaF/LXHXHwejGsVi+ooqDfMCCTerNFxEkM3wYVcExkeGXNqshc9iMaOA=="
    },
    "@esbuild/sunos-x64@0.24.2": {
      "integrity": "sha512-hTdsW27jcktEvpwNHJU4ZwWFGkz2zRJUz8pvddmXPtXDzVKTTINmlmga3ZzwcuMpUvLw7JkLy9QLKyGpD2Yxig=="
    },
    "@esbuild/win32-arm64@0.24.2": {
      "integrity": "sha512-LihEQ2BBKVFLOC9ZItT9iFprsE9tqjDjnbulhHoFxYQtQfai7qfluVODIYxt1PgdoyQkz23+01rzwNwYfutxUQ=="
    },
    "@esbuild/win32-ia32@0.24.2": {
      "integrity": "sha512-q+iGUwfs8tncmFC9pcnD5IvRHAzmbwQ3GPS5/ceCyHdjXubwQWI12MKWSNSMYLJMq23/IUCvJMS76PDqXe1fxA=="
    },
    "@esbuild/win32-x64@0.24.2": {
      "integrity": "sha512-7VTgWzgMGvup6aSqDPLiW5zHaxYJGTO4OokMjIlrCtf+VpEL+cXKtCvg723iguPYI5oaUNdS+/V7OU2gvXVWEg=="
    },
    "@hono/trpc-server@0.3.4_@trpc+server@10.45.2_hono@4.6.20": {
      "integrity": "sha512-xFOPjUPnII70FgicDzOJy1ufIoBTu8eF578zGiDOrYOrYN8CJe140s9buzuPkX+SwJRYK8LjEBHywqZtxdm8aA==",
      "dependencies": [
        "@trpc/server",
        "hono"
      ]
    },
    "@rollup/rollup-android-arm-eabi@4.34.1": {
      "integrity": "sha512-kwctwVlswSEsr4ljpmxKrRKp1eG1v2NAhlzFzDf1x1OdYaMjBYjDCbHkzWm57ZXzTwqn8stMXgROrnMw8dJK3w=="
    },
    "@rollup/rollup-android-arm64@4.34.1": {
      "integrity": "sha512-4H5ZtZitBPlbPsTv6HBB8zh1g5d0T8TzCmpndQdqq20Ugle/nroOyDMf9p7f88Gsu8vBLU78/cuh8FYHZqdXxw=="
    },
    "@rollup/rollup-darwin-arm64@4.34.1": {
      "integrity": "sha512-f2AJ7Qwx9z25hikXvg+asco8Sfuc5NCLg8rmqQBIOUoWys5sb/ZX9RkMZDPdnnDevXAMJA5AWLnRBmgdXGEUiA=="
    },
    "@rollup/rollup-darwin-x64@4.34.1": {
      "integrity": "sha512-+/2JBrRfISCsWE4aEFXxd+7k9nWGXA8+wh7ZUHn/u8UDXOU9LN+QYKKhd57sIn6WRcorOnlqPMYFIwie/OHXWw=="
    },
    "@rollup/rollup-freebsd-arm64@4.34.1": {
      "integrity": "sha512-SUeB0pYjIXwT2vfAMQ7E4ERPq9VGRrPR7Z+S4AMssah5EHIilYqjWQoTn5dkDtuIJUSTs8H+C9dwoEcg3b0sCA=="
    },
    "@rollup/rollup-freebsd-x64@4.34.1": {
      "integrity": "sha512-L3T66wAZiB/ooiPbxz0s6JEX6Sr2+HfgPSK+LMuZkaGZFAFCQAHiP3dbyqovYdNaiUXcl9TlgnIbcsIicAnOZg=="
    },
    "@rollup/rollup-linux-arm-gnueabihf@4.34.1": {
      "integrity": "sha512-UBXdQ4+ATARuFgsFrQ+tAsKvBi/Hly99aSVdeCUiHV9dRTTpMU7OrM3WXGys1l40wKVNiOl0QYY6cZQJ2xhKlQ=="
    },
    "@rollup/rollup-linux-arm-musleabihf@4.34.1": {
      "integrity": "sha512-m/yfZ25HGdcCSwmopEJm00GP7xAUyVcBPjttGLRAqZ60X/bB4Qn6gP7XTwCIU6bITeKmIhhwZ4AMh2XLro+4+w=="
    },
    "@rollup/rollup-linux-arm64-gnu@4.34.1": {
      "integrity": "sha512-Wy+cUmFuvziNL9qWRRzboNprqSQ/n38orbjRvd6byYWridp5TJ3CD+0+HUsbcWVSNz9bxkDUkyASGP0zS7GAvg=="
    },
    "@rollup/rollup-linux-arm64-musl@4.34.1": {
      "integrity": "sha512-CQ3MAGgiFmQW5XJX5W3wnxOBxKwFlUAgSXFA2SwgVRjrIiVt5LHfcQLeNSHKq5OEZwv+VCBwlD1+YKCjDG8cpg=="
    },
    "@rollup/rollup-linux-loongarch64-gnu@4.34.1": {
      "integrity": "sha512-rSzb1TsY4lSwH811cYC3OC2O2mzNMhM13vcnA7/0T6Mtreqr3/qs6WMDriMRs8yvHDI54qxHgOk8EV5YRAHFbw=="
    },
    "@rollup/rollup-linux-powerpc64le-gnu@4.34.1": {
      "integrity": "sha512-fwr0n6NS0pG3QxxlqVYpfiY64Fd1Dqd8Cecje4ILAV01ROMp4aEdCj5ssHjRY3UwU7RJmeWd5fi89DBqMaTawg=="
    },
    "@rollup/rollup-linux-riscv64-gnu@4.34.1": {
      "integrity": "sha512-4uJb9qz7+Z/yUp5RPxDGGGUcoh0PnKF33QyWgEZ3X/GocpWb6Mb+skDh59FEt5d8+Skxqs9mng6Swa6B2AmQZg=="
    },
    "@rollup/rollup-linux-s390x-gnu@4.34.1": {
      "integrity": "sha512-QlIo8ndocWBEnfmkYqj8vVtIUpIqJjfqKggjy7IdUncnt8BGixte1wDON7NJEvLg3Kzvqxtbo8tk+U1acYEBlw=="
    },
    "@rollup/rollup-linux-x64-gnu@4.34.1": {
      "integrity": "sha512-hzpleiKtq14GWjz3ahWvJXgU1DQC9DteiwcsY4HgqUJUGxZThlL66MotdUEK9zEo0PK/2ADeZGM9LIondE302A=="
    },
    "@rollup/rollup-linux-x64-musl@4.34.1": {
      "integrity": "sha512-jqtKrO715hDlvUcEsPn55tZt2TEiBvBtCMkUuU0R6fO/WPT7lO9AONjPbd8II7/asSiNVQHCMn4OLGigSuxVQA=="
    },
    "@rollup/rollup-win32-arm64-msvc@4.34.1": {
      "integrity": "sha512-RnHy7yFf2Wz8Jj1+h8klB93N0NHNHXFhNwAmiy9zJdpY7DE01VbEVtPdrK1kkILeIbHGRJjvfBDBhnxBr8kD4g=="
    },
    "@rollup/rollup-win32-ia32-msvc@4.34.1": {
      "integrity": "sha512-i7aT5HdiZIcd7quhzvwQ2oAuX7zPYrYfkrd1QFfs28Po/i0q6kas/oRrzGlDhAEyug+1UfUtkWdmoVlLJj5x9Q=="
    },
    "@rollup/rollup-win32-x64-msvc@4.34.1": {
      "integrity": "sha512-k3MVFD9Oq+laHkw2N2v7ILgoa9017ZMF/inTtHzyTVZjYs9cSH18sdyAf6spBAJIGwJ5UaC7et2ZH1WCdlhkMw=="
    },
    "@swc/core-darwin-arm64@1.10.12": {
      "integrity": "sha512-pOANQegUTAriW7jq3SSMZGM5l89yLVMs48R0F2UG6UZsH04SiViCnDctOGlA/Sa++25C+rL9MGMYM1jDLylBbg=="
    },
    "@swc/core-darwin-x64@1.10.12": {
      "integrity": "sha512-m4kbpIDDsN1FrwfNQMU+FTrss356xsXvatLbearwR+V0lqOkjLBP0VmRvQfHEg+uy13VPyrT9gj4HLoztlci7w=="
    },
    "@swc/core-linux-arm-gnueabihf@1.10.12": {
      "integrity": "sha512-OY9LcupgqEu8zVK+rJPes6LDJJwPDmwaShU96beTaxX2K6VrXbpwm5WbPS/8FfQTsmpnuA7dCcMPUKhNgmzTrQ=="
    },
    "@swc/core-linux-arm64-gnu@1.10.12": {
      "integrity": "sha512-nJD587rO0N4y4VZszz3xzVr7JIiCzSMhEMWnPjuh+xmPxDBz0Qccpr8xCr1cSxpl1uY7ERkqAGlKr6CwoV5kVg=="
    },
    "@swc/core-linux-arm64-musl@1.10.12": {
      "integrity": "sha512-oqhSmV+XauSf0C//MoQnVErNUB/5OzmSiUzuazyLsD5pwqKNN+leC3JtRQ/QVzaCpr65jv9bKexT9+I2Tt3xDw=="
    },
    "@swc/core-linux-x64-gnu@1.10.12": {
      "integrity": "sha512-XldSIHyjD7m1Gh+/8rxV3Ok711ENLI420CU2EGEqSe3VSGZ7pHJvJn9ZFbYpWhsLxPqBYMFjp3Qw+J6OXCPXCA=="
    },
    "@swc/core-linux-x64-musl@1.10.12": {
      "integrity": "sha512-wvPXzJxzPgTqhyp1UskOx1hRTtdWxlyFD1cGWOxgLsMik0V9xKRgqKnMPv16Nk7L9xl6quQ6DuUHj9ID7L3oVw=="
    },
    "@swc/core-win32-arm64-msvc@1.10.12": {
      "integrity": "sha512-TUYzWuu1O7uyIcRfxdm6Wh1u+gNnrW5M1DUgDOGZLsyQzgc2Zjwfh2llLhuAIilvCVg5QiGbJlpibRYJ/8QGsg=="
    },
    "@swc/core-win32-ia32-msvc@1.10.12": {
      "integrity": "sha512-4Qrw+0Xt+Fe2rz4OJ/dEPMeUf/rtuFWWAj/e0vL7J5laUHirzxawLRE5DCJLQTarOiYR6mWnmadt9o3EKzV6Xg=="
    },
    "@swc/core-win32-x64-msvc@1.10.12": {
      "integrity": "sha512-YiloZXLW7rUxJpALwHXaGjVaAEn+ChoblG7/3esque+Y7QCyheoBUJp2DVM1EeVA43jBfZ8tvYF0liWd9Tpz1A=="
    },
    "@swc/core@1.10.12": {
      "integrity": "sha512-+iUL0PYpPm6N9AdV1wvafakvCqFegQus1aoEDxgFsv3/uNVNIyRaupf/v/Zkp5hbep2EzhtoJR0aiJIzDbXWHg==",
      "dependencies": [
        "@swc/core-darwin-arm64",
        "@swc/core-darwin-x64",
        "@swc/core-linux-arm-gnueabihf",
        "@swc/core-linux-arm64-gnu",
        "@swc/core-linux-arm64-musl",
        "@swc/core-linux-x64-gnu",
        "@swc/core-linux-x64-musl",
        "@swc/core-win32-arm64-msvc",
        "@swc/core-win32-ia32-msvc",
        "@swc/core-win32-x64-msvc",
        "@swc/counter",
        "@swc/types"
      ]
    },
    "@swc/counter@0.1.3": {
      "integrity": "sha512-e2BR4lsJkkRlKZ/qCHPw9ZaSxc0MVUd7gtbtaB7aMvHeJVYe8sOB8DBZkP2DtISHGSku9sCK6T6cnY0CtXrOCQ=="
    },
    "@swc/types@0.1.17": {
      "integrity": "sha512-V5gRru+aD8YVyCOMAjMpWR1Ui577DD5KSJsHP8RAxopAH22jFz6GZd/qxqjO6MJHQhcsjvjOFXyDhyLQUnMveQ==",
      "dependencies": [
        "@swc/counter"
      ]
    },
    "@trpc/server@10.45.2": {
      "integrity": "sha512-wOrSThNNE4HUnuhJG6PfDRp4L2009KDVxsd+2VYH8ro6o/7/jwYZ8Uu5j+VaW+mOmc8EHerHzGcdbGNQSAUPgg=="
    },
    "@types/estree@1.0.6": {
      "integrity": "sha512-AYnb1nQyY49te+VRAVgmzfcgjYS91mY5P0TKUDCLEM+gNnA+3T6rWITXRLYCpahpqSQbN5cE+gHpnPyXjHWxcw=="
    },
    "@vitejs/plugin-react-swc@3.7.2_vite@6.0.11": {
      "integrity": "sha512-y0byko2b2tSVVf5Gpng1eEhX1OvPC7x8yns1Fx8jDzlJp4LS6CMkCPfLw47cjyoMrshQDoQw4qcgjsU9VvlCew==",
      "dependencies": [
        "@swc/core",
        "vite"
      ]
    },
    "esbuild@0.24.2": {
      "integrity": "sha512-+9egpBW8I3CD5XPe0n6BfT5fxLzxrlDzqydF3aviG+9ni1lDC/OvMHcxqEFV0+LANZG5R1bFMWfUrjVsdwxJvA==",
      "dependencies": [
        "@esbuild/aix-ppc64",
        "@esbuild/android-arm",
        "@esbuild/android-arm64",
        "@esbuild/android-x64",
        "@esbuild/darwin-arm64",
        "@esbuild/darwin-x64",
        "@esbuild/freebsd-arm64",
        "@esbuild/freebsd-x64",
        "@esbuild/linux-arm",
        "@esbuild/linux-arm64",
        "@esbuild/linux-ia32",
        "@esbuild/linux-loong64",
        "@esbuild/linux-mips64el",
        "@esbuild/linux-ppc64",
        "@esbuild/linux-riscv64",
        "@esbuild/linux-s390x",
        "@esbuild/linux-x64",
        "@esbuild/netbsd-arm64",
        "@esbuild/netbsd-x64",
        "@esbuild/openbsd-arm64",
        "@esbuild/openbsd-x64",
        "@esbuild/sunos-x64",
        "@esbuild/win32-arm64",
        "@esbuild/win32-ia32",
        "@esbuild/win32-x64"
      ]
    },
    "fsevents@2.3.3": {
      "integrity": "sha512-5xoDfX+fL7faATnagmWPpbFtwh/R77WmMMqqHGS65C3vvB0YHrgF+B1YmZ3441tMj5n63k0212XNoJwzlhffQw=="
    },
    "hono@4.6.20": {
      "integrity": "sha512-5qfNQeaIptMaJKyoJ6N/q4gIq0DBp2FCRaLNuUI3LlJKL4S37DY/rLL1uAxA4wrPB39tJ3s+f7kgI79O4ScSug=="
    },
    "nanoid@3.3.8": {
      "integrity": "sha512-WNLf5Sd8oZxOm+TzppcYk8gVOgP+l58xNy58D0nbUnOxOWRWvlcCV4kUF7ltmI6PsrLl/BgKEyS4mqsGChFN0w=="
    },
    "picocolors@1.1.1": {
      "integrity": "sha512-xceH2snhtb5M9liqDsmEw56le376mTZkEX/jEb/RxNFyegNul7eNslCXP9FDj/Lcu0X8KEyMceP2ntpaHrDEVA=="
    },
    "postcss@8.5.1": {
      "integrity": "sha512-6oz2beyjc5VMn/KV1pPw8fliQkhBXrVn1Z3TVyqZxU8kZpzEKhBdmCFqI6ZbmGtamQvQGuU1sgPTk8ZrXDD7jQ==",
      "dependencies": [
        "nanoid",
        "picocolors",
        "source-map-js"
      ]
    },
    "react-dom@19.0.0_react@19.0.0": {
      "integrity": "sha512-4GV5sHFG0e/0AD4X+ySy6UJd3jVl1iNsNHdpad0qhABJ11twS3TTBnseqsKurKcsNqCEFeGL3uLpVChpIO3QfQ==",
      "dependencies": [
        "react",
        "scheduler"
      ]
    },
    "react@19.0.0": {
      "integrity": "sha512-V8AVnmPIICiWpGfm6GLzCR/W5FXLchHop40W4nXBmdlEceh16rCN8O8LNWm5bh5XUX91fh7KpA+W0TgMKmgTpQ=="
    },
    "rollup@4.34.1": {
      "integrity": "sha512-iYZ/+PcdLYSGfH3S+dGahlW/RWmsqDhLgj1BT9DH/xXJ0ggZN7xkdP9wipPNjjNLczI+fmMLmTB9pye+d2r4GQ==",
      "dependencies": [
        "@rollup/rollup-android-arm-eabi",
        "@rollup/rollup-android-arm64",
        "@rollup/rollup-darwin-arm64",
        "@rollup/rollup-darwin-x64",
        "@rollup/rollup-freebsd-arm64",
        "@rollup/rollup-freebsd-x64",
        "@rollup/rollup-linux-arm-gnueabihf",
        "@rollup/rollup-linux-arm-musleabihf",
        "@rollup/rollup-linux-arm64-gnu",
        "@rollup/rollup-linux-arm64-musl",
        "@rollup/rollup-linux-loongarch64-gnu",
        "@rollup/rollup-linux-powerpc64le-gnu",
        "@rollup/rollup-linux-riscv64-gnu",
        "@rollup/rollup-linux-s390x-gnu",
        "@rollup/rollup-linux-x64-gnu",
        "@rollup/rollup-linux-x64-musl",
        "@rollup/rollup-win32-arm64-msvc",
        "@rollup/rollup-win32-ia32-msvc",
        "@rollup/rollup-win32-x64-msvc",
        "@types/estree",
        "fsevents"
      ]
    },
    "scheduler@0.25.0": {
      "integrity": "sha512-xFVuu11jh+xcO7JOAGJNOXld8/TcEHK/4CituBUeUb5hqxJLj9YuemAEuvm9gQ/+pgXYfbQuqAkiYu+u7YEsNA=="
    },
    "source-map-js@1.2.1": {
      "integrity": "sha512-UXWMKhLOwVKb728IUtQPXxfYU+usdybtUrK/8uGE8CQMvrhOpwvzDBwj0QhSL7MQc7vIsISBG8VQ8+IDQxpfQA=="
    },
    "vite@6.0.11": {
      "integrity": "sha512-4VL9mQPKoHy4+FE0NnRE/kbY51TOfaknxAjt3fJbGJxhIpBZiqVzlZDEesWWsuREXHwNdAoOFZ9MkPEVXczHwg==",
      "dependencies": [
        "esbuild",
        "fsevents",
        "postcss",
        "rollup"
      ]
    },
    "zod@3.24.1": {
      "integrity": "sha512-muH7gBL9sI1nciMZV67X5fTKKBLtwpZ5VBp1vsOQzj1MhrBZ4wlVCm3gedKZWLp0Oyel8sIGfeiz54Su+OVT+A=="
    }
  },
  "workspace": {
    "dependencies": [
      "jsr:@trx/deno-bundle@0.1",
      "npm:@deno/vite-plugin@^1.0.3",
      "npm:@hono/trpc-server@~0.3.4",
      "npm:@trpc/server@^10.45.2",
      "npm:@vitejs/plugin-react-swc@^3.7.2",
      "npm:hono@^4.6.20",
      "npm:react-dom@19",
      "npm:react@19",
      "npm:vite@^6.0.11",
      "npm:zod@^3.24.1"
    ]
  }
}
