{
  "name": "audiobookcovers-api",
  "version": "0.2.0",
  "lockfileVersion": 3,
  "requires": true,
  "packages": {
    "": {
      "name": "audiobookcovers-api",
      "version": "0.2.0",
      "license": "MIT-0",
      "dependencies": {
        "@worker-tools/shed": "^0.1.0-pre.10",
        "worktop": "^0.7.3"
      },
      "devDependencies": {
        "prettier": "^1.18.2",
        "worktop.build": "^0.0.4"
      }
    },
    "node_modules/@msgpackr-extract/msgpackr-extract-darwin-arm64": {
      "version": "3.0.2",
      "resolved": "https://registry.npmjs.org/@msgpackr-extract/msgpackr-extract-darwin-arm64/-/msgpackr-extract-darwin-arm64-3.0.2.tgz",
      "integrity": "sha512-9bfjwDxIDWmmOKusUcqdS4Rw+SETlp9Dy39Xui9BEGEk19dDwH0jhipwFzEff/pFg95NKymc6TOTbRKcWeRqyQ==",
      "cpu": [
        "arm64"
      ],
      "optional": true,
      "os": [
        "darwin"
      ]
    },
    "node_modules/@msgpackr-extract/msgpackr-extract-darwin-x64": {
      "version": "3.0.2",
      "resolved": "https://registry.npmjs.org/@msgpackr-extract/msgpackr-extract-darwin-x64/-/msgpackr-extract-darwin-x64-3.0.2.tgz",
      "integrity": "sha512-lwriRAHm1Yg4iDf23Oxm9n/t5Zpw1lVnxYU3HnJPTi2lJRkKTrps1KVgvL6m7WvmhYVt/FIsssWay+k45QHeuw==",
      "cpu": [
        "x64"
      ],
      "optional": true,
      "os": [
        "darwin"
      ]
    },
    "node_modules/@msgpackr-extract/msgpackr-extract-linux-arm": {
      "version": "3.0.2",
      "resolved": "https://registry.npmjs.org/@msgpackr-extract/msgpackr-extract-linux-arm/-/msgpackr-extract-linux-arm-3.0.2.tgz",
      "integrity": "sha512-MOI9Dlfrpi2Cuc7i5dXdxPbFIgbDBGgKR5F2yWEa6FVEtSWncfVNKW5AKjImAQ6CZlBK9tympdsZJ2xThBiWWA==",
      "cpu": [
        "arm"
      ],
      "optional": true,
      "os": [
        "linux"
      ]
    },
    "node_modules/@msgpackr-extract/msgpackr-extract-linux-arm64": {
      "version": "3.0.2",
      "resolved": "https://registry.npmjs.org/@msgpackr-extract/msgpackr-extract-linux-arm64/-/msgpackr-extract-linux-arm64-3.0.2.tgz",
      "integrity": "sha512-FU20Bo66/f7He9Fp9sP2zaJ1Q8L9uLPZQDub/WlUip78JlPeMbVL8546HbZfcW9LNciEXc8d+tThSJjSC+tmsg==",
      "cpu": [
        "arm64"
      ],
      "optional": true,
      "os": [
        "linux"
      ]
    },
    "node_modules/@msgpackr-extract/msgpackr-extract-linux-x64": {
      "version": "3.0.2",
      "resolved": "https://registry.npmjs.org/@msgpackr-extract/msgpackr-extract-linux-x64/-/msgpackr-extract-linux-x64-3.0.2.tgz",
      "integrity": "sha512-gsWNDCklNy7Ajk0vBBf9jEx04RUxuDQfBse918Ww+Qb9HCPoGzS+XJTLe96iN3BVK7grnLiYghP/M4L8VsaHeA==",
      "cpu": [
        "x64"
      ],
      "optional": true,
      "os": [
        "linux"
      ]
    },
    "node_modules/@msgpackr-extract/msgpackr-extract-win32-x64": {
      "version": "3.0.2",
      "resolved": "https://registry.npmjs.org/@msgpackr-extract/msgpackr-extract-win32-x64/-/msgpackr-extract-win32-x64-3.0.2.tgz",
      "integrity": "sha512-O+6Gs8UeDbyFpbSh2CPEz/UOrrdWPTBYNblZK5CxxLisYt4kGX3Sc+czffFonyjiGSq3jWLwJS/CCJc7tBr4sQ==",
      "cpu": [
        "x64"
      ],
      "optional": true,
      "os": [
        "win32"
      ]
    },
    "node_modules/@stardazed/streams-compression": {
      "version": "1.0.0",
      "resolved": "https://registry.npmjs.org/@stardazed/streams-compression/-/streams-compression-1.0.0.tgz",
      "integrity": "sha512-SQCiwxdIVJ5xxUBYptN+fc+tJpSDbxQuJ0+3u2SmHjIzr6JIRZ28AVFtFnGy6x6j3UBlaLx73w9rC6UAFxnd1g==",
      "dependencies": {
        "@stardazed/zlib": "^1.0.0"
      }
    },
    "node_modules/@stardazed/zlib": {
      "version": "1.0.1",
      "resolved": "https://registry.npmjs.org/@stardazed/zlib/-/zlib-1.0.1.tgz",
      "integrity": "sha512-MS6PCYiRNJ32c69+3NPyL+bu7LpiFDvMcBXnlhQnF8CKMG0R/xRVCCo422NPkQ0+Cox3xKpk5Lc1LfWFS4b3cw=="
    },
    "node_modules/@tusbar/cache-control": {
      "version": "0.6.1",
      "resolved": "https://registry.npmjs.org/@tusbar/cache-control/-/cache-control-0.6.1.tgz",
      "integrity": "sha512-lVONHkx/OviQ8yIJu6sGmdBJVWMKQm7EDtpvM3s2VihmaqHQocFixMd/9rfAqK5IxFL7XQMVzkpRrKjQ/JBS+Q=="
    },
    "node_modules/@worker-tools/cloudflare-kv-storage": {
      "version": "0.9.0-pre.6",
      "resolved": "https://registry.npmjs.org/@worker-tools/cloudflare-kv-storage/-/cloudflare-kv-storage-0.9.0-pre.6.tgz",
      "integrity": "sha512-LMKbvkvYQI8i5pxPHxiUBLe3cTStjHc23v29XYWnpAx2hOev/vZJUyxr5wKPTBmGIeXKvYMK31XV4v8Q4gOEOA==",
      "dependencies": {
        "@worker-tools/structured-json": "latest",
        "idb-key-to-string": "latest",
        "kv-storage-interface": "latest",
        "msgpackr": "^1.5.5"
      }
    },
    "node_modules/@worker-tools/deno-kv-storage": {
      "version": "0.6.0-pre.1",
      "resolved": "https://registry.npmjs.org/@worker-tools/deno-kv-storage/-/deno-kv-storage-0.6.0-pre.1.tgz",
      "integrity": "sha512-o4vdzP7tIs3u7i4Fnv2UeM7ThJH63JBt6kxqlLP+Uf1xG4+q5mcavGB4u/OJbKgG5jE1GMflX71aGTAZ7hCSGA==",
      "dependencies": {
        "@worker-tools/structured-json": "latest",
        "idb-key-to-string": "latest",
        "kv-storage-interface": "latest"
      }
    },
    "node_modules/@worker-tools/encrypted-cookie-store": {
      "version": "0.3.0-pre.7",
      "resolved": "https://registry.npmjs.org/@worker-tools/encrypted-cookie-store/-/encrypted-cookie-store-0.3.0-pre.7.tgz",
      "integrity": "sha512-jNmBfw0d4JwcoV0lCe8a7qjv+CMqoQGsWIY77DAXz0jxB+c1kEvXRSCOfvkSic8anv+8+anLh/JEG4P24wQrww==",
      "dependencies": {
        "base64-encoding": "latest",
        "cookie-store-interface": "^0.1.1",
        "typed-array-utils": "^0.2.4"
      }
    },
    "node_modules/@worker-tools/extendable-promise": {
      "version": "0.2.0-pre.11",
      "resolved": "https://registry.npmjs.org/@worker-tools/extendable-promise/-/extendable-promise-0.2.0-pre.11.tgz",
      "integrity": "sha512-YEa8fpuNSgEbt7wFRf08ajfhsjvTdXNbN1//XG1vVyUxm+UHZsQaFT7dksH4p9rzF/RDrFixas369FpL1Yz2mw==",
      "dependencies": {
        "@worker-tools/resolvable-promise": "latest"
      }
    },
    "node_modules/@worker-tools/html": {
      "version": "2.0.0-pre.13",
      "resolved": "https://registry.npmjs.org/@worker-tools/html/-/html-2.0.0-pre.13.tgz",
      "integrity": "sha512-MkmUNNX6fE/2tRM8iWpoSZ6hbZ4srMxzecPdyNvT4cydfYs6YEmFFv0w27839ALQxwtpsDCOKlDLEkhhzbMs9Q==",
      "dependencies": {
        "@worker-tools/stream-response": "latest"
      }
    },
    "node_modules/@worker-tools/html-rewriter": {
      "version": "0.1.0-pre.17",
      "resolved": "https://registry.npmjs.org/@worker-tools/html-rewriter/-/html-rewriter-0.1.0-pre.17.tgz",
      "integrity": "sha512-R/kjKBJtTeicFvVKdQ3J9KIirCnJcfawtaa5FG/F+ZwU6X2AmrbF+n4axxjcnxKsGjITd8OC7QhBmAkKsHJu2Q==",
      "dependencies": {
        "@stardazed/streams-compression": "^1.0.0",
        "@worker-tools/resolvable-promise": "latest"
      }
    },
    "node_modules/@worker-tools/json-fetch": {
      "version": "2.1.0-pre.6",
      "resolved": "https://registry.npmjs.org/@worker-tools/json-fetch/-/json-fetch-2.1.0-pre.6.tgz",
      "integrity": "sha512-x4aqUMc3gZ9ISx2RUIQSFkflgsEfL6lBbeZpb9Wtzg8EjzifaBAGQPpT5sgEsgy5ZtitA7OQqQpVwnd9eau3bQ=="
    },
    "node_modules/@worker-tools/json-stream": {
      "version": "0.1.0-pre.12",
      "resolved": "https://registry.npmjs.org/@worker-tools/json-stream/-/json-stream-0.1.0-pre.12.tgz",
      "integrity": "sha512-ck6wPkVEF+fx5baltebDlSAGusMIJ8D4K6x/C5ca7JJaINZ1bP6AfBSkN98hY4uRVe2G+n5B07CPH77sSVdoag==",
      "dependencies": {
        "@worker-tools/resolvable-promise": "latest",
        "@worker-tools/stream-response": "latest",
        "ts-functional-pipe": "3.1.2",
        "whatwg-stream-to-async-iter": "latest"
      }
    },
    "node_modules/@worker-tools/kv-storage": {
      "version": "0.1.0-pre.9",
      "resolved": "https://registry.npmjs.org/@worker-tools/kv-storage/-/kv-storage-0.1.0-pre.9.tgz",
      "integrity": "sha512-wEo9hs92J1FKHwd0JIihJ14TLPy6BzOqqUFFQ1k+O8hXkn5fGDyg9NJ9egk+8s1O2unUStwhFApSq8/qIltSRQ==",
      "dependencies": {
        "@worker-tools/cloudflare-kv-storage": "latest",
        "@worker-tools/deno-kv-storage": "latest",
        "@worker-tools/kv-storage-polyfill": "latest",
        "kv-storage-interface": "latest"
      }
    },
    "node_modules/@worker-tools/kv-storage-polyfill": {
      "version": "2.0.0-pre.1",
      "resolved": "https://registry.npmjs.org/@worker-tools/kv-storage-polyfill/-/kv-storage-polyfill-2.0.0-pre.1.tgz",
      "integrity": "sha512-hpTk17u1UtgA34VE0oWU7OArVlu/vvEX7a3J6+DAfvUpKQ9rzW+AQf2UrRE/khZMIJHXNGMFWu1/Ya7O/Ana1A==",
      "dependencies": {
        "kv-storage-interface": "latest",
        "kv-storage-polyfill": "^2.0.0"
      }
    },
    "node_modules/@worker-tools/middleware": {
      "version": "0.1.0-pre.36",
      "resolved": "https://registry.npmjs.org/@worker-tools/middleware/-/middleware-0.1.0-pre.36.tgz",
      "integrity": "sha512-paeRD+ntSxE9IgWa9ItD0qK4AeLOC4hRf5PG/kHIvDRytLR8XVqe/8CBmGWxXaBwkVJ4IaVisrJoIPsYAdsIGQ==",
      "dependencies": {
        "@tusbar/cache-control": "0.6.1",
        "@worker-tools/encrypted-cookie-store": "latest",
        "@worker-tools/extendable-promise": "latest",
        "@worker-tools/request-cookie-store": "latest",
        "@worker-tools/resolvable-promise": "latest",
        "@worker-tools/response-creators": "latest",
        "@worker-tools/signed-cookie-store": "latest",
        "base64-encoding": "latest",
        "immer": "^9.0.14",
        "kv-storage-interface": "^0.2.0",
        "msgpackr": "^1.5.5",
        "negotiated": "^1.0.2",
        "temporal-spec": "^0.0.2",
        "ts-functional-pipe": "^3.1.2",
        "type-fest": "^2.15.1",
        "web-uuid": "latest"
      }
    },
    "node_modules/@worker-tools/request-cookie-store": {
      "version": "0.6.0-pre.3",
      "resolved": "https://registry.npmjs.org/@worker-tools/request-cookie-store/-/request-cookie-store-0.6.0-pre.3.tgz",
      "integrity": "sha512-m/d2UISGAKfg7TTvo6e1/3UL7Oy2vuTLKpe3uo1pSETwtvkdBO3yx3Zl0P2Wm6eTubpZHsqqPVP0KzGDetRdDA==",
      "dependencies": {
        "cookie-store-interface": "^0.1.1"
      }
    },
    "node_modules/@worker-tools/resolvable-promise": {
      "version": "0.2.0-pre.6",
      "resolved": "https://registry.npmjs.org/@worker-tools/resolvable-promise/-/resolvable-promise-0.2.0-pre.6.tgz",
      "integrity": "sha512-+5RcuruCLB/P3FYYb376RgyImXaq9BBQoOskUbgPyNK3O0AXPakrXUj1EELv+lcnUSdFws/ufdrrWODLJyoTmg=="
    },
    "node_modules/@worker-tools/response-creators": {
      "version": "1.2.0-pre.6",
      "resolved": "https://registry.npmjs.org/@worker-tools/response-creators/-/response-creators-1.2.0-pre.6.tgz",
      "integrity": "sha512-tY9CvyegTXzI0dCmvw25CwmctFa8ojhjmTLZmvPNPF2ETT3U4o4TvgFZd3eHcr9PKB4fF55TYZeHfgIsjCQ6Qw=="
    },
    "node_modules/@worker-tools/router": {
      "version": "0.3.0-pre.6",
      "resolved": "https://registry.npmjs.org/@worker-tools/router/-/router-0.3.0-pre.6.tgz",
      "integrity": "sha512-min2zm6pRmWDfdDsjt/E0rmS1yehpDZZO69h+vF9fyqfkoEQcx5Mbk8QImim/wotie4fxsHSWHni1OrR/Vibrw==",
      "dependencies": {
        "@worker-tools/middleware": "latest",
        "@worker-tools/resolvable-promise": "latest",
        "@worker-tools/response-creators": "latest"
      }
    },
    "node_modules/@worker-tools/shed": {
      "version": "0.1.0-pre.10",
      "resolved": "https://registry.npmjs.org/@worker-tools/shed/-/shed-0.1.0-pre.10.tgz",
      "integrity": "sha512-J3Ydoop0zQKax8hOqO4Gyr0D2VIlOLRhVRUlZuSheWelTwf7n2Ed714+A79Z2md868ORzmUCJJ+yfxECB6Kebg==",
      "dependencies": {
        "@worker-tools/encrypted-cookie-store": "latest",
        "@worker-tools/extendable-promise": "latest",
        "@worker-tools/html": "latest",
        "@worker-tools/html-rewriter": "latest",
        "@worker-tools/json-fetch": "latest",
        "@worker-tools/json-stream": "latest",
        "@worker-tools/kv-storage": "latest",
        "@worker-tools/middleware": "latest",
        "@worker-tools/request-cookie-store": "latest",
        "@worker-tools/resolvable-promise": "latest",
        "@worker-tools/response-creators": "latest",
        "@worker-tools/router": "latest",
        "@worker-tools/signed-cookie-store": "latest",
        "@worker-tools/stream-response": "latest"
      }
    },
    "node_modules/@worker-tools/signed-cookie-store": {
      "version": "0.3.0-pre.8",
      "resolved": "https://registry.npmjs.org/@worker-tools/signed-cookie-store/-/signed-cookie-store-0.3.0-pre.8.tgz",
      "integrity": "sha512-WujFKvy1qaeS31BBGX6fl97CVvX560uev7V2jmHz1BbaDv38yej5xNFvHpzrURfTdoQnXT1+fCYo5xNdkEhPJg==",
      "dependencies": {
        "base64-encoding": "^0.15.0-alpha.0",
        "cookie-store-interface": "^0.1.1",
        "typed-array-utils": "^0.2.2"
      }
    },
    "node_modules/@worker-tools/stream-response": {
      "version": "0.1.0-pre.4",
      "resolved": "https://registry.npmjs.org/@worker-tools/stream-response/-/stream-response-0.1.0-pre.4.tgz",
      "integrity": "sha512-PHMaXNbaavvtPWuPTjslNMmbFX0Wv4iKsa9ZiL+KkcTuXwSh5okMShYxt0st0bx4C137kIK/bBQqw/JBEKlP9Q==",
      "dependencies": {
        "typed-array-utils": "latest",
        "whatwg-stream-to-async-iter": "latest"
      }
    },
    "node_modules/@worker-tools/structured-json": {
      "version": "0.1.0-pre.4",
      "resolved": "https://registry.npmjs.org/@worker-tools/structured-json/-/structured-json-0.1.0-pre.4.tgz",
      "integrity": "sha512-5Nu0L/1lS9bnui+pqVZn8uRg9HWWQyYfr0zwtO1GVojzom5AFS1l/Zw9UOVILFkNM+HwsOljOv2Q+5VQU/lTTA==",
      "dependencies": {
        "typeson": "^7.0.2",
        "typeson-registry": "^3.0.0"
      }
    },
    "node_modules/base64-arraybuffer-es6": {
      "version": "1.0.0",
      "resolved": "https://registry.npmjs.org/base64-arraybuffer-es6/-/base64-arraybuffer-es6-1.0.0.tgz",
      "integrity": "sha512-cPau+CwFZLR/HeQrOCWhbmGcUiyfl8kvnKoazNX9zW/Tn7nKJCRe9Vfz2qOEf/rODgCTCvvCXMf0acV8vB0uOw==",
      "engines": {
        "node": "^12.22.0 || ^14.17.0 || >=16.0.0"
      }
    },
    "node_modules/base64-encoding": {
      "version": "0.15.0-alpha.0",
      "resolved": "https://registry.npmjs.org/base64-encoding/-/base64-encoding-0.15.0-alpha.0.tgz",
      "integrity": "sha512-uqf17NvS+fbYzYj0bVP4SfrzcppvDrGX60fDljhGhSUzKcCwoIRx8vOGGo35D24F+EkzEv4X8WljBu7ZzPZquw=="
    },
    "node_modules/cookie-store-interface": {
      "version": "0.1.1",
      "resolved": "https://registry.npmjs.org/cookie-store-interface/-/cookie-store-interface-0.1.1.tgz",
      "integrity": "sha512-fwEY2FxGL4c2YVNHuTSaxNph9whnvVs5gRMhQ2Lr33CzQJkFlRyElSo4PDvGSVnv4Ps++i17+uNI/GYAM6ciBg=="
    },
    "node_modules/esbuild": {
      "version": "0.13.15",
      "resolved": "https://registry.npmjs.org/esbuild/-/esbuild-0.13.15.tgz",
      "integrity": "sha512-raCxt02HBKv8RJxE8vkTSCXGIyKHdEdGfUmiYb8wnabnaEmHzyW7DCHb5tEN0xU8ryqg5xw54mcwnYkC4x3AIw==",
      "dev": true,
      "hasInstallScript": true,
      "bin": {
        "esbuild": "bin/esbuild"
      },
      "optionalDependencies": {
        "esbuild-android-arm64": "0.13.15",
        "esbuild-darwin-64": "0.13.15",
        "esbuild-darwin-arm64": "0.13.15",
        "esbuild-freebsd-64": "0.13.15",
        "esbuild-freebsd-arm64": "0.13.15",
        "esbuild-linux-32": "0.13.15",
        "esbuild-linux-64": "0.13.15",
        "esbuild-linux-arm": "0.13.15",
        "esbuild-linux-arm64": "0.13.15",
        "esbuild-linux-mips64le": "0.13.15",
        "esbuild-linux-ppc64le": "0.13.15",
        "esbuild-netbsd-64": "0.13.15",
        "esbuild-openbsd-64": "0.13.15",
        "esbuild-sunos-64": "0.13.15",
        "esbuild-windows-32": "0.13.15",
        "esbuild-windows-64": "0.13.15",
        "esbuild-windows-arm64": "0.13.15"
      }
    },
    "node_modules/esbuild-android-arm64": {
      "version": "0.13.15",
      "resolved": "https://registry.npmjs.org/esbuild-android-arm64/-/esbuild-android-arm64-0.13.15.tgz",
      "integrity": "sha512-m602nft/XXeO8YQPUDVoHfjyRVPdPgjyyXOxZ44MK/agewFFkPa8tUo6lAzSWh5Ui5PB4KR9UIFTSBKh/RrCmg==",
      "cpu": [
        "arm64"
      ],
      "dev": true,
      "optional": true,
      "os": [
        "android"
      ]
    },
    "node_modules/esbuild-darwin-64": {
      "version": "0.13.15",
      "resolved": "https://registry.npmjs.org/esbuild-darwin-64/-/esbuild-darwin-64-0.13.15.tgz",
      "integrity": "sha512-ihOQRGs2yyp7t5bArCwnvn2Atr6X4axqPpEdCFPVp7iUj4cVSdisgvEKdNR7yH3JDjW6aQDw40iQFoTqejqxvQ==",
      "cpu": [
        "x64"
      ],
      "dev": true,
      "optional": true,
      "os": [
        "darwin"
      ]
    },
    "node_modules/esbuild-darwin-arm64": {
      "version": "0.13.15",
      "resolved": "https://registry.npmjs.org/esbuild-darwin-arm64/-/esbuild-darwin-arm64-0.13.15.tgz",
      "integrity": "sha512-i1FZssTVxUqNlJ6cBTj5YQj4imWy3m49RZRnHhLpefFIh0To05ow9DTrXROTE1urGTQCloFUXTX8QfGJy1P8dQ==",
      "cpu": [
        "arm64"
      ],
      "dev": true,
      "optional": true,
      "os": [
        "darwin"
      ]
    },
    "node_modules/esbuild-freebsd-64": {
      "version": "0.13.15",
      "resolved": "https://registry.npmjs.org/esbuild-freebsd-64/-/esbuild-freebsd-64-0.13.15.tgz",
      "integrity": "sha512-G3dLBXUI6lC6Z09/x+WtXBXbOYQZ0E8TDBqvn7aMaOCzryJs8LyVXKY4CPnHFXZAbSwkCbqiPuSQ1+HhrNk7EA==",
      "cpu": [
        "x64"
      ],
      "dev": true,
      "optional": true,
      "os": [
        "freebsd"
      ]
    },
    "node_modules/esbuild-freebsd-arm64": {
      "version": "0.13.15",
      "resolved": "https://registry.npmjs.org/esbuild-freebsd-arm64/-/esbuild-freebsd-arm64-0.13.15.tgz",
      "integrity": "sha512-KJx0fzEDf1uhNOZQStV4ujg30WlnwqUASaGSFPhznLM/bbheu9HhqZ6mJJZM32lkyfGJikw0jg7v3S0oAvtvQQ==",
      "cpu": [
        "arm64"
      ],
      "dev": true,
      "optional": true,
      "os": [
        "freebsd"
      ]
    },
    "node_modules/esbuild-linux-32": {
      "version": "0.13.15",
      "resolved": "https://registry.npmjs.org/esbuild-linux-32/-/esbuild-linux-32-0.13.15.tgz",
      "integrity": "sha512-ZvTBPk0YWCLMCXiFmD5EUtB30zIPvC5Itxz0mdTu/xZBbbHJftQgLWY49wEPSn2T/TxahYCRDWun5smRa0Tu+g==",
      "cpu": [
        "ia32"
      ],
      "dev": true,
      "optional": true,
      "os": [
        "linux"
      ]
    },
    "node_modules/esbuild-linux-64": {
      "version": "0.13.15",
      "resolved": "https://registry.npmjs.org/esbuild-linux-64/-/esbuild-linux-64-0.13.15.tgz",
      "integrity": "sha512-eCKzkNSLywNeQTRBxJRQ0jxRCl2YWdMB3+PkWFo2BBQYC5mISLIVIjThNtn6HUNqua1pnvgP5xX0nHbZbPj5oA==",
      "cpu": [
        "x64"
      ],
      "dev": true,
      "optional": true,
      "os": [
        "linux"
      ]
    },
    "node_modules/esbuild-linux-arm": {
      "version": "0.13.15",
      "resolved": "https://registry.npmjs.org/esbuild-linux-arm/-/esbuild-linux-arm-0.13.15.tgz",
      "integrity": "sha512-wUHttDi/ol0tD8ZgUMDH8Ef7IbDX+/UsWJOXaAyTdkT7Yy9ZBqPg8bgB/Dn3CZ9SBpNieozrPRHm0BGww7W/jA==",
      "cpu": [
        "arm"
      ],
      "dev": true,
      "optional": true,
      "os": [
        "linux"
      ]
    },
    "node_modules/esbuild-linux-arm64": {
      "version": "0.13.15",
      "resolved": "https://registry.npmjs.org/esbuild-linux-arm64/-/esbuild-linux-arm64-0.13.15.tgz",
      "integrity": "sha512-bYpuUlN6qYU9slzr/ltyLTR9YTBS7qUDymO8SV7kjeNext61OdmqFAzuVZom+OLW1HPHseBfJ/JfdSlx8oTUoA==",
      "cpu": [
        "arm64"
      ],
      "dev": true,
      "optional": true,
      "os": [
        "linux"
      ]
    },
    "node_modules/esbuild-linux-mips64le": {
      "version": "0.13.15",
      "resolved": "https://registry.npmjs.org/esbuild-linux-mips64le/-/esbuild-linux-mips64le-0.13.15.tgz",
      "integrity": "sha512-KlVjIG828uFPyJkO/8gKwy9RbXhCEUeFsCGOJBepUlpa7G8/SeZgncUEz/tOOUJTcWMTmFMtdd3GElGyAtbSWg==",
      "cpu": [
        "mips64el"
      ],
      "dev": true,
      "optional": true,
      "os": [
        "linux"
      ]
    },
    "node_modules/esbuild-linux-ppc64le": {
      "version": "0.13.15",
      "resolved": "https://registry.npmjs.org/esbuild-linux-ppc64le/-/esbuild-linux-ppc64le-0.13.15.tgz",
      "integrity": "sha512-h6gYF+OsaqEuBjeesTBtUPw0bmiDu7eAeuc2OEH9S6mV9/jPhPdhOWzdeshb0BskRZxPhxPOjqZ+/OqLcxQwEQ==",
      "cpu": [
        "ppc64"
      ],
      "dev": true,
      "optional": true,
      "os": [
        "linux"
      ]
    },
    "node_modules/esbuild-netbsd-64": {
      "version": "0.13.15",
      "resolved": "https://registry.npmjs.org/esbuild-netbsd-64/-/esbuild-netbsd-64-0.13.15.tgz",
      "integrity": "sha512-3+yE9emwoevLMyvu+iR3rsa+Xwhie7ZEHMGDQ6dkqP/ndFzRHkobHUKTe+NCApSqG5ce2z4rFu+NX/UHnxlh3w==",
      "cpu": [
        "x64"
      ],
      "dev": true,
      "optional": true,
      "os": [
        "netbsd"
      ]
    },
    "node_modules/esbuild-openbsd-64": {
      "version": "0.13.15",
      "resolved": "https://registry.npmjs.org/esbuild-openbsd-64/-/esbuild-openbsd-64-0.13.15.tgz",
      "integrity": "sha512-wTfvtwYJYAFL1fSs8yHIdf5GEE4NkbtbXtjLWjM3Cw8mmQKqsg8kTiqJ9NJQe5NX/5Qlo7Xd9r1yKMMkHllp5g==",
      "cpu": [
        "x64"
      ],
      "dev": true,
      "optional": true,
      "os": [
        "openbsd"
      ]
    },
    "node_modules/esbuild-sunos-64": {
      "version": "0.13.15",
      "resolved": "https://registry.npmjs.org/esbuild-sunos-64/-/esbuild-sunos-64-0.13.15.tgz",
      "integrity": "sha512-lbivT9Bx3t1iWWrSnGyBP9ODriEvWDRiweAs69vI+miJoeKwHWOComSRukttbuzjZ8r1q0mQJ8Z7yUsDJ3hKdw==",
      "cpu": [
        "x64"
      ],
      "dev": true,
      "optional": true,
      "os": [
        "sunos"
      ]
    },
    "node_modules/esbuild-windows-32": {
      "version": "0.13.15",
      "resolved": "https://registry.npmjs.org/esbuild-windows-32/-/esbuild-windows-32-0.13.15.tgz",
      "integrity": "sha512-fDMEf2g3SsJ599MBr50cY5ve5lP1wyVwTe6aLJsM01KtxyKkB4UT+fc5MXQFn3RLrAIAZOG+tHC+yXObpSn7Nw==",
      "cpu": [
        "ia32"
      ],
      "dev": true,
      "optional": true,
      "os": [
        "win32"
      ]
    },
    "node_modules/esbuild-windows-64": {
      "version": "0.13.15",
      "resolved": "https://registry.npmjs.org/esbuild-windows-64/-/esbuild-windows-64-0.13.15.tgz",
      "integrity": "sha512-9aMsPRGDWCd3bGjUIKG/ZOJPKsiztlxl/Q3C1XDswO6eNX/Jtwu4M+jb6YDH9hRSUflQWX0XKAfWzgy5Wk54JQ==",
      "cpu": [
        "x64"
      ],
      "dev": true,
      "optional": true,
      "os": [
        "win32"
      ]
    },
    "node_modules/esbuild-windows-arm64": {
      "version": "0.13.15",
      "resolved": "https://registry.npmjs.org/esbuild-windows-arm64/-/esbuild-windows-arm64-0.13.15.tgz",
      "integrity": "sha512-zzvyCVVpbwQQATaf3IG8mu1IwGEiDxKkYUdA4FpoCHi1KtPa13jeScYDjlW0Qh+ebWzpKfR2ZwvqAQkSWNcKjA==",
      "cpu": [
        "arm64"
      ],
      "dev": true,
      "optional": true,
      "os": [
        "win32"
      ]
    },
    "node_modules/idb-key-to-string": {
      "version": "0.2.0",
      "resolved": "https://registry.npmjs.org/idb-key-to-string/-/idb-key-to-string-0.2.0.tgz",
      "integrity": "sha512-ZrbOyJyLjCPFlullZharfgyGDb6w6lnVJwFE/6BvVHaNLxoM6ELxrxVozdjLP5VmSq9mKjP6qXDkeV/ht1lu1A==",
      "dependencies": {
        "base64-encoding": "^0.14.3",
        "kv-storage-interface": "^0.2.0"
      }
    },
    "node_modules/idb-key-to-string/node_modules/base64-encoding": {
      "version": "0.14.3",
      "resolved": "https://registry.npmjs.org/base64-encoding/-/base64-encoding-0.14.3.tgz",
      "integrity": "sha512-/MvpDArLNYsPwwDAfDadL5OMZjWHlPIdsA8iZWN2A/p+ml6f3CtIODBxH21PdtTirKGfjjjp2CGpfGvdyGQJiQ=="
    },
    "node_modules/immer": {
      "version": "9.0.21",
      "resolved": "https://registry.npmjs.org/immer/-/immer-9.0.21.tgz",
      "integrity": "sha512-bc4NBHqOqSfRW7POMkHd51LvClaeMXpm8dx0e8oE2GORbq5aRK7Bxl4FyzVLdGtLmvLKL7BTDBG5ACQm4HWjTA==",
      "funding": {
        "type": "opencollective",
        "url": "https://opencollective.com/immer"
      }
    },
    "node_modules/kv-storage-interface": {
      "version": "0.2.0",
      "resolved": "https://registry.npmjs.org/kv-storage-interface/-/kv-storage-interface-0.2.0.tgz",
      "integrity": "sha512-W1QWU/6yj7j7pXRoXkOwv/QEieiaBHcEEeYSPY6D7w7mgwx2NuC0FRS8D6/gSKyfharRXR01aLiEkKRjZMGCOQ=="
    },
    "node_modules/kv-storage-polyfill": {
      "version": "2.0.0",
      "resolved": "https://registry.npmjs.org/kv-storage-polyfill/-/kv-storage-polyfill-2.0.0.tgz",
      "integrity": "sha512-K4tV8kYT2YNP00GN77pJ099cpwaYCOBGYY2NsfLjUtimE49YI9OYX+MGzOGHNOttUNCKC2Y3YZpV7P+HY2tgCQ=="
    },
    "node_modules/mri": {
      "version": "1.2.0",
      "resolved": "https://registry.npmjs.org/mri/-/mri-1.2.0.tgz",
      "integrity": "sha512-tzzskb3bG8LvYGFF/mDTpq3jpI6Q9wc3LEmBaghu+DdCssd1FakN7Bc0hVNmEyGq1bq3RgfkCb3cmQLpNPOroA==",
      "dev": true,
      "engines": {
        "node": ">=4"
      }
    },
    "node_modules/msgpackr": {
      "version": "1.10.1",
      "resolved": "https://registry.npmjs.org/msgpackr/-/msgpackr-1.10.1.tgz",
      "integrity": "sha512-r5VRLv9qouXuLiIBrLpl2d5ZvPt8svdQTl5/vMvE4nzDMyEX4sgW5yWhuBBj5UmgwOTWj8CIdSXn5sAfsHAWIQ==",
      "optionalDependencies": {
        "msgpackr-extract": "^3.0.2"
      }
    },
    "node_modules/msgpackr-extract": {
      "version": "3.0.2",
      "resolved": "https://registry.npmjs.org/msgpackr-extract/-/msgpackr-extract-3.0.2.tgz",
      "integrity": "sha512-SdzXp4kD/Qf8agZ9+iTu6eql0m3kWm1A2y1hkpTeVNENutaB0BwHlSvAIaMxwntmRUAUjon2V4L8Z/njd0Ct8A==",
      "hasInstallScript": true,
      "optional": true,
      "dependencies": {
        "node-gyp-build-optional-packages": "5.0.7"
      },
      "bin": {
        "download-msgpackr-prebuilds": "bin/download-prebuilds.js"
      },
      "optionalDependencies": {
        "@msgpackr-extract/msgpackr-extract-darwin-arm64": "3.0.2",
        "@msgpackr-extract/msgpackr-extract-darwin-x64": "3.0.2",
        "@msgpackr-extract/msgpackr-extract-linux-arm": "3.0.2",
        "@msgpackr-extract/msgpackr-extract-linux-arm64": "3.0.2",
        "@msgpackr-extract/msgpackr-extract-linux-x64": "3.0.2",
        "@msgpackr-extract/msgpackr-extract-win32-x64": "3.0.2"
      }
    },
    "node_modules/negotiated": {
      "version": "1.0.2",
      "resolved": "https://registry.npmjs.org/negotiated/-/negotiated-1.0.2.tgz",
      "integrity": "sha512-fRArKF8+FAcNJU9hc2ND3ezUM18yrEYqzyAZX7O0VHutJVOkWQo5N1fDVVFSncWyWoulUBunuZvKg0JUehTiRQ=="
    },
    "node_modules/node-gyp-build-optional-packages": {
      "version": "5.0.7",
      "resolved": "https://registry.npmjs.org/node-gyp-build-optional-packages/-/node-gyp-build-optional-packages-5.0.7.tgz",
      "integrity": "sha512-YlCCc6Wffkx0kHkmam79GKvDQ6x+QZkMjFGrIMxgFNILFvGSbCp2fCBC55pGTT9gVaz8Na5CLmxt/urtzRv36w==",
      "optional": true,
      "bin": {
        "node-gyp-build-optional-packages": "bin.js",
        "node-gyp-build-optional-packages-optional": "optional.js",
        "node-gyp-build-optional-packages-test": "build-test.js"
      }
    },
    "node_modules/prettier": {
      "version": "1.19.1",
      "resolved": "https://registry.npmjs.org/prettier/-/prettier-1.19.1.tgz",
      "integrity": "sha512-s7PoyDv/II1ObgQunCbB9PdLmUcBZcnWOcxDh7O0N/UwDEsHyqkW+Qh28jW+mVuCdx7gLB0BotYI1Y6uI9iyew==",
      "dev": true,
      "bin": {
        "prettier": "bin-prettier.js"
      },
      "engines": {
        "node": ">=4"
      }
    },
    "node_modules/punycode": {
      "version": "2.3.0",
      "resolved": "https://registry.npmjs.org/punycode/-/punycode-2.3.0.tgz",
      "integrity": "sha512-rRV+zQD8tVFys26lAGR9WUuS4iUAngJScM+ZRSKtvl5tKeZ2t5bvdNFdNHBW9FWR4guGHlgmsZ1G7BSm2wTbuA==",
      "engines": {
        "node": ">=6"
      }
    },
    "node_modules/regexparam": {
      "version": "2.0.1",
      "resolved": "https://registry.npmjs.org/regexparam/-/regexparam-2.0.1.tgz",
      "integrity": "sha512-zRgSaYemnNYxUv+/5SeoHI0eJIgTL/A2pUtXUPLHQxUldagouJ9p+K6IbIZ/JiQuCEv2E2B1O11SjVQy3aMCkw==",
      "engines": {
        "node": ">=8"
      }
    },
    "node_modules/temporal-spec": {
      "version": "0.0.2",
      "resolved": "https://registry.npmjs.org/temporal-spec/-/temporal-spec-0.0.2.tgz",
      "integrity": "sha512-eyvI20a6J6gb2zSVkKZGg/0QGiMPMte3ty9dOg3WpveQfcBpgiyqthJ3KM2xzis1WvPaSO2OAh5u2wnu7EOd7g=="
    },
    "node_modules/tr46": {
      "version": "3.0.0",
      "resolved": "https://registry.npmjs.org/tr46/-/tr46-3.0.0.tgz",
      "integrity": "sha512-l7FvfAHlcmulp8kr+flpQZmVwtu7nfRV7NZujtN0OqES8EL4O4e0qqzL0DC5gAvx/ZC/9lk6rhcUwYvkBnBnYA==",
      "dependencies": {
        "punycode": "^2.1.1"
      },
      "engines": {
        "node": ">=12"
      }
    },
    "node_modules/ts-functional-pipe": {
      "version": "3.1.2",
      "resolved": "https://registry.npmjs.org/ts-functional-pipe/-/ts-functional-pipe-3.1.2.tgz",
      "integrity": "sha512-3Zmj39yTFtzrwrLn5ifQKHmUQQ6uh7+NUVUZ2hsBgeF2JzwkmlVErbxoktNA20E4lmbEJK8NEoEZOrETLRiWzw==",
      "dependencies": {
        "tslib": "^2.3.0"
      },
      "engines": {
        "node": ">=6.0.0"
      }
    },
    "node_modules/tslib": {
      "version": "2.5.0",
      "resolved": "https://registry.npmjs.org/tslib/-/tslib-2.5.0.tgz",
      "integrity": "sha512-336iVw3rtn2BUK7ORdIAHTyxHGRIHVReokCR3XjbckJMK7ms8FysBfhLR8IXnAgy7T0PTPNBWKiH514FOW/WSg=="
    },
    "node_modules/type-fest": {
      "version": "2.19.0",
      "resolved": "https://registry.npmjs.org/type-fest/-/type-fest-2.19.0.tgz",
      "integrity": "sha512-RAH822pAdBgcNMAfWnCBU3CFZcfZ/i1eZjwFU/dsLKumyuuP3niueg2UAukXYF0E2AAoc82ZSSf9J0WQBinzHA==",
      "engines": {
        "node": ">=12.20"
      },
      "funding": {
        "url": "https://github.com/sponsors/sindresorhus"
      }
    },
    "node_modules/typed-array-utils": {
      "version": "0.2.4",
      "resolved": "https://registry.npmjs.org/typed-array-utils/-/typed-array-utils-0.2.4.tgz",
      "integrity": "sha512-tttiItskXSSYIkbPfnYmSfL4nkcIxjUKyD4pZJCiwstGjpU4UwDBQfE6UR67xxikVFFcGduo3JCds4yKiA0RVQ=="
    },
    "node_modules/typeson": {
      "version": "7.0.2",
      "resolved": "https://registry.npmjs.org/typeson/-/typeson-7.0.2.tgz",
      "integrity": "sha512-Rc/BXqUq+pgAc9D3Na+A2iiTlenfzZW9VA2H9DzpYWKOqUMwUaLyu6OQWXCIEiFs1AQ6Fssbed1/subMY/cEag==",
      "engines": {
        "node": "^12.22.0 || ^14.17.0 || >=16.0.0"
      }
    },
    "node_modules/typeson-registry": {
      "version": "3.0.0",
      "resolved": "https://registry.npmjs.org/typeson-registry/-/typeson-registry-3.0.0.tgz",
      "integrity": "sha512-xPBsm6LhQnU2HOQq1770MjbtIXMd7s7Q7VWFyexe9hRVSIvx+PXPXh/Snh2+HgT6fffxAADVHIBCSjrVrsbrhw==",
      "dependencies": {
        "base64-arraybuffer-es6": "^1.0.0",
        "typeson": "^7.0.1",
        "whatwg-url": "^11.0.0"
      },
      "engines": {
        "node": "^14.17.0 || >=16.0.0"
      }
    },
    "node_modules/uuid-class": {
      "version": "0.13.0-alpha.1",
      "resolved": "https://registry.npmjs.org/uuid-class/-/uuid-class-0.13.0-alpha.1.tgz",
      "integrity": "sha512-uQ2ob9j0ybtr914d6Gh+TgQjtFnn4amJMP5mOJ9y69AbA9KKqK0RANjDOsTuonDffXKW7BlXSMvi+tOytY0WZw==",
      "dependencies": {
        "typed-array-utils": "^0.2.2"
      }
    },
    "node_modules/web-uuid": {
      "version": "0.1.0-pre.1",
      "resolved": "https://registry.npmjs.org/web-uuid/-/web-uuid-0.1.0-pre.1.tgz",
      "integrity": "sha512-uvN0C9rJ9rn2T3xu8AxbTpsPe+MVb9klspbzxRCPpkLaiYs8pPPLeUiLbUv1v8AJowk+owBeBpqu4+uAuDvNTQ==",
      "dependencies": {
        "base64-encoding": "latest",
        "uuid-class": "latest"
      }
    },
    "node_modules/webidl-conversions": {
      "version": "7.0.0",
      "resolved": "https://registry.npmjs.org/webidl-conversions/-/webidl-conversions-7.0.0.tgz",
      "integrity": "sha512-VwddBukDzu71offAQR975unBIGqfKZpM+8ZX6ySk8nYhVoo5CYaZyzt3YBvYtRtO+aoGlqxPg/B87NGVZ/fu6g==",
      "engines": {
        "node": ">=12"
      }
    },
    "node_modules/whatwg-stream-to-async-iter": {
      "version": "0.6.2",
      "resolved": "https://registry.npmjs.org/whatwg-stream-to-async-iter/-/whatwg-stream-to-async-iter-0.6.2.tgz",
      "integrity": "sha512-ocSOY/Qe/Y5rLC3Xnz6gi8+A9niy+dUQSjnox/nRryKkV/NahxyspB/joyhYLBbQp1JAFrTBOVd/RUo0NrZ96g==",
      "dependencies": {
        "tslib": "^2.3.1"
      }
    },
    "node_modules/whatwg-url": {
      "version": "11.0.0",
      "resolved": "https://registry.npmjs.org/whatwg-url/-/whatwg-url-11.0.0.tgz",
      "integrity": "sha512-RKT8HExMpoYx4igMiVMY83lN6UeITKJlBQ+vR/8ZJ8OCdSiN3RwCq+9gH0+Xzj0+5IrM6i4j/6LuvzbZIQgEcQ==",
      "dependencies": {
        "tr46": "^3.0.0",
        "webidl-conversions": "^7.0.0"
      },
      "engines": {
        "node": ">=12"
      }
    },
    "node_modules/worktop": {
      "version": "0.7.3",
      "resolved": "https://registry.npmjs.org/worktop/-/worktop-0.7.3.tgz",
      "integrity": "sha512-WBHP1hk8pLP7ahAw13fugDWcO0SUAOiCD6DHT/bfLWoCIA/PL9u7GKdudT2nGZ8EGR1APbGCAI6ZzKG1+X+PnQ==",
      "dependencies": {
        "regexparam": "^2.0.0"
      },
      "engines": {
        "node": ">=12"
      }
    },
    "node_modules/worktop.build": {
      "version": "0.0.4",
      "resolved": "https://registry.npmjs.org/worktop.build/-/worktop.build-0.0.4.tgz",
      "integrity": "sha512-qqiXrljboAdSlPcWG1cQpUTForBfq3DvBs/4aj7RzikrDOpc9Ow2dgp0Qidg8+VbPRoeANLrqNlLvDNQKQAp3Q==",
      "dev": true,
      "dependencies": {
        "esbuild": "^0.13.2",
        "mri": "^1.2.0"
      },
      "bin": {
        "worktop": "bin.js"
      },
      "engines": {
        "node": ">=12"
      }
    }
  }
}
